
Microsoft Visual Studio Solution File, Format Version 12.00
# Visual Studio 15
VisualStudioVersion = 15.0.27130.2003
MinimumVisualStudioVersion = 10.0.40219.1
Project("{FAE04EC0-301F-11D3-BF4B-00C04F79EFBC}") = "Spellsword", "Spellsword\Spellsword.csproj", "{5180EF97-14D8-4683-9E95-393C30A3AC6D}"
EndProject
Global
	GlobalSection(SolutionConfigurationPlatforms) = preSolution
		Debug|x86 = Debug|x86
		Release|x86 = Release|x86
	EndGlobalSection
	GlobalSection(ProjectConfigurationPlatforms) = postSolution
		{5180EF97-14D8-4683-9E95-393C30A3AC6D}.Debug|x86.ActiveCfg = Debug|x86
		{5180EF97-14D8-4683-9E95-393C30A3AC6D}.Debug|x86.Build.0 = Debug|x86
		{5180EF97-14D8-4683-9E95-393C30A3AC6D}.Release|x86.ActiveCfg = Release|x86
		{5180EF97-14D8-4683-9E95-393C30A3AC6D}.Release|x86.Build.0 = Release|x86
	EndGlobalSection
	GlobalSection(SolutionProperties) = preSolution
		HideSolutionNode = FALSE
	EndGlobalSection
	GlobalSection(ExtensibilityGlobals) = postSolution
		SolutionGuid = {621652A1-1A6F-4A6C-9845-7B70D7F56378}
	EndGlobalSection
EndGlobal
